
Microsoft Visual Studio Solution File, Format Version 12.00
# Visual Studio 15
VisualStudioVersion = 15.0.28010.2041
MinimumVisualStudioVersion = 10.0.40219.1
Project("{9A19103F-16F7-4668-BE54-9A1E7A4F7556}") = "LaDOSE.DiscordBot", "LaDOSE.DiscordBot\LaDOSE.DiscordBot.csproj", "{C1E8FAF6-3A75-44AC-938D-CA56A5322D1C}"
EndProject
Project("{9A19103F-16F7-4668-BE54-9A1E7A4F7556}") = "LaDOSE.Api", "LaDOSE.Api\LaDOSE.Api.csproj", "{4D7ED4CC-F78F-4860-B8CE-DA01DCACCBB9}"
EndProject
Project("{9A19103F-16F7-4668-BE54-9A1E7A4F7556}") = "LaDOSE.Entity", "LaDOSE.Entity\LaDOSE.Entity.csproj", "{B32A4AD5-9A4B-4D12-AAD5-55541F170E2A}"
EndProject
Project("{9A19103F-16F7-4668-BE54-9A1E7A4F7556}") = "LaDOSE.Business", "LaDOSE.Service\LaDOSE.Business.csproj", "{952DE665-70B5-492B-BE91-D0111E3BD907}"
EndProject
Project("{FAE04EC0-301F-11D3-BF4B-00C04F79EFBC}") = "LaDOSE.DesktopApp", "LaDOSE.DesktopApp\LaDOSE.DesktopApp.csproj", "{A76AC851-4D43-4BF9-9034-F496888ADAFD}"
EndProject
Project("{9A19103F-16F7-4668-BE54-9A1E7A4F7556}") = "LaDOSE.DTO", "LaDOSE.DTO\LaDOSE.DTO.csproj", "{61201DA6-1BC9-4BA1-AC45-70104D391ECD}"
EndProject
Project("{2150E333-8FDC-42A3-9474-1A3956D46DE8}") = "Api", "Api", "{6FC9438E-D93E-4E63-9342-F8A966EE2D06}"
EndProject
Project("{2150E333-8FDC-42A3-9474-1A3956D46DE8}") = "Desktop", "Desktop", "{DD52FE00-B822-4DE3-B369-2BFB5F808130}"
EndProject
Project("{2150E333-8FDC-42A3-9474-1A3956D46DE8}") = "Bot", "Bot", "{8B9C38FB-2A83-482D-966C-06A5EA1749EB}"
EndProject
Global
	GlobalSection(SolutionConfigurationPlatforms) = preSolution
		Debug|Any CPU = Debug|Any CPU
		Release|Any CPU = Release|Any CPU
	EndGlobalSection
	GlobalSection(ProjectConfigurationPlatforms) = postSolution
		{C1E8FAF6-3A75-44AC-938D-CA56A5322D1C}.Debug|Any CPU.ActiveCfg = Debug|Any CPU
		{C1E8FAF6-3A75-44AC-938D-CA56A5322D1C}.Debug|Any CPU.Build.0 = Debug|Any CPU
		{C1E8FAF6-3A75-44AC-938D-CA56A5322D1C}.Release|Any CPU.ActiveCfg = Release|Any CPU
		{C1E8FAF6-3A75-44AC-938D-CA56A5322D1C}.Release|Any CPU.Build.0 = Release|Any CPU
		{4D7ED4CC-F78F-4860-B8CE-DA01DCACCBB9}.Debug|Any CPU.ActiveCfg = Debug|Any CPU
		{4D7ED4CC-F78F-4860-B8CE-DA01DCACCBB9}.Debug|Any CPU.Build.0 = Debug|Any CPU
		{4D7ED4CC-F78F-4860-B8CE-DA01DCACCBB9}.Release|Any CPU.ActiveCfg = Release|Any CPU
		{4D7ED4CC-F78F-4860-B8CE-DA01DCACCBB9}.Release|Any CPU.Build.0 = Release|Any CPU
		{B32A4AD5-9A4B-4D12-AAD5-55541F170E2A}.Debug|Any CPU.ActiveCfg = Debug|Any CPU
		{B32A4AD5-9A4B-4D12-AAD5-55541F170E2A}.Debug|Any CPU.Build.0 = Debug|Any CPU
		{B32A4AD5-9A4B-4D12-AAD5-55541F170E2A}.Release|Any CPU.ActiveCfg = Release|Any CPU
		{B32A4AD5-9A4B-4D12-AAD5-55541F170E2A}.Release|Any CPU.Build.0 = Release|Any CPU
		{952DE665-70B5-492B-BE91-D0111E3BD907}.Debug|Any CPU.ActiveCfg = Debug|Any CPU
		{952DE665-70B5-492B-BE91-D0111E3BD907}.Debug|Any CPU.Build.0 = Debug|Any CPU
		{952DE665-70B5-492B-BE91-D0111E3BD907}.Release|Any CPU.ActiveCfg = Release|Any CPU
		{952DE665-70B5-492B-BE91-D0111E3BD907}.Release|Any CPU.Build.0 = Release|Any CPU
		{A76AC851-4D43-4BF9-9034-F496888ADAFD}.Debug|Any CPU.ActiveCfg = Debug|Any CPU
		{A76AC851-4D43-4BF9-9034-F496888ADAFD}.Debug|Any CPU.Build.0 = Debug|Any CPU
		{A76AC851-4D43-4BF9-9034-F496888ADAFD}.Release|Any CPU.ActiveCfg = Release|Any CPU
		{A76AC851-4D43-4BF9-9034-F496888ADAFD}.Release|Any CPU.Build.0 = Release|Any CPU
		{61201DA6-1BC9-4BA1-AC45-70104D391ECD}.Debug|Any CPU.ActiveCfg = Debug|Any CPU
		{61201DA6-1BC9-4BA1-AC45-70104D391ECD}.Debug|Any CPU.Build.0 = Debug|Any CPU
		{61201DA6-1BC9-4BA1-AC45-70104D391ECD}.Release|Any CPU.ActiveCfg = Release|Any CPU
		{61201DA6-1BC9-4BA1-AC45-70104D391ECD}.Release|Any CPU.Build.0 = Release|Any CPU
	EndGlobalSection
	GlobalSection(SolutionProperties) = preSolution
		HideSolutionNode = FALSE
	EndGlobalSection
	GlobalSection(NestedProjects) = preSolution
		{C1E8FAF6-3A75-44AC-938D-CA56A5322D1C} = {8B9C38FB-2A83-482D-966C-06A5EA1749EB}
		{4D7ED4CC-F78F-4860-B8CE-DA01DCACCBB9} = {6FC9438E-D93E-4E63-9342-F8A966EE2D06}
		{B32A4AD5-9A4B-4D12-AAD5-55541F170E2A} = {6FC9438E-D93E-4E63-9342-F8A966EE2D06}
		{952DE665-70B5-492B-BE91-D0111E3BD907} = {6FC9438E-D93E-4E63-9342-F8A966EE2D06}
		{A76AC851-4D43-4BF9-9034-F496888ADAFD} = {DD52FE00-B822-4DE3-B369-2BFB5F808130}
		{61201DA6-1BC9-4BA1-AC45-70104D391ECD} = {6FC9438E-D93E-4E63-9342-F8A966EE2D06}
	EndGlobalSection
	GlobalSection(ExtensibilityGlobals) = postSolution
		SolutionGuid = {D47DEDD0-C906-439D-81E4-D86BBE723B8C}
	EndGlobalSection
EndGlobal
